
Microsoft Visual Studio Solution File, Format Version 12.00
# Visual Studio 15
VisualStudioVersion = 15.0.27004.2010
MinimumVisualStudioVersion = 10.0.40219.1
Project("{FAE04EC0-301F-11D3-BF4B-00C04F79EFBC}") = "Projekt1_MateuszGrzegrzółka46792", "Projekt1_MateuszGrzegrzółka46792\Projekt1_MateuszGrzegrzółka46792.csproj", "{753092B5-E258-4B35-A3B5-7A452A0AC471}"
EndProject
Global
	GlobalSection(SolutionConfigurationPlatforms) = preSolution
		Debug|Any CPU = Debug|Any CPU
		Release|Any CPU = Release|Any CPU
	EndGlobalSection
	GlobalSection(ProjectConfigurationPlatforms) = postSolution
		{753092B5-E258-4B35-A3B5-7A452A0AC471}.Debug|Any CPU.ActiveCfg = Debug|Any CPU
		{753092B5-E258-4B35-A3B5-7A452A0AC471}.Debug|Any CPU.Build.0 = Debug|Any CPU
		{753092B5-E258-4B35-A3B5-7A452A0AC471}.Release|Any CPU.ActiveCfg = Release|Any CPU
		{753092B5-E258-4B35-A3B5-7A452A0AC471}.Release|Any CPU.Build.0 = Release|Any CPU
	EndGlobalSection
	GlobalSection(SolutionProperties) = preSolution
		HideSolutionNode = FALSE
	EndGlobalSection
	GlobalSection(ExtensibilityGlobals) = postSolution
		SolutionGuid = {E4197EB6-F3C1-4784-ACF3-E1C66739E2EC}
	EndGlobalSection
EndGlobal
